
Microsoft Visual Studio Solution File, Format Version 12.00
# Visual Studio 15
VisualStudioVersion = 15.0.28010.2041
MinimumVisualStudioVersion = 10.0.40219.1
Project("{FAE04EC0-301F-11D3-BF4B-00C04F79EFBC}") = "ConsoleApp1", "ConsoleApp1\ConsoleApp1.csproj", "{A9346435-C21D-45F5-9F7D-872AA69E7F56}"
EndProject
Global
	GlobalSection(SolutionConfigurationPlatforms) = preSolution
		Debug|Any CPU = Debug|Any CPU
		Release|Any CPU = Release|Any CPU
	EndGlobalSection
	GlobalSection(ProjectConfigurationPlatforms) = postSolution
		{A9346435-C21D-45F5-9F7D-872AA69E7F56}.Debug|Any CPU.ActiveCfg = Debug|Any CPU
		{A9346435-C21D-45F5-9F7D-872AA69E7F56}.Debug|Any CPU.Build.0 = Debug|Any CPU
		{A9346435-C21D-45F5-9F7D-872AA69E7F56}.Release|Any CPU.ActiveCfg = Release|Any CPU
		{A9346435-C21D-45F5-9F7D-872AA69E7F56}.Release|Any CPU.Build.0 = Release|Any CPU
	EndGlobalSection
	GlobalSection(SolutionProperties) = preSolution
		HideSolutionNode = FALSE
	EndGlobalSection
	GlobalSection(ExtensibilityGlobals) = postSolution
		SolutionGuid = {521AB3AB-A235-41F1-91B9-FA700C0E1807}
	EndGlobalSection
EndGlobal
